
Microsoft Visual Studio Solution File, Format Version 12.00
# Visual Studio Version 16
VisualStudioVersion = 16.0.31515.178
MinimumVisualStudioVersion = 10.0.40219.1
Project("{FAE04EC0-301F-11D3-BF4B-00C04F79EFBC}") = "Listjj", "Listjj\Listjj.csproj", "{EB24BD38-B35A-4062-96E7-94E265FAD960}"
EndProject
Global
	GlobalSection(SolutionConfigurationPlatforms) = preSolution
		Debug|Any CPU = Debug|Any CPU
		Release|Any CPU = Release|Any CPU
	EndGlobalSection
	GlobalSection(ProjectConfigurationPlatforms) = postSolution
		{EB24BD38-B35A-4062-96E7-94E265FAD960}.Debug|Any CPU.ActiveCfg = Debug|Any CPU
		{EB24BD38-B35A-4062-96E7-94E265FAD960}.Debug|Any CPU.Build.0 = Debug|Any CPU
		{EB24BD38-B35A-4062-96E7-94E265FAD960}.Release|Any CPU.ActiveCfg = Release|Any CPU
		{EB24BD38-B35A-4062-96E7-94E265FAD960}.Release|Any CPU.Build.0 = Release|Any CPU
	EndGlobalSection
	GlobalSection(SolutionProperties) = preSolution
		HideSolutionNode = FALSE
	EndGlobalSection
	GlobalSection(ExtensibilityGlobals) = postSolution
		SolutionGuid = {C3A00F62-0521-4DE5-954E-CAE195BDC0A2}
	EndGlobalSection
EndGlobal
